
Microsoft Visual Studio Solution File, Format Version 12.00
# Visual Studio Version 17
VisualStudioVersion = 17.0.32112.339
MinimumVisualStudioVersion = 10.0.40219.1
Project("{FAE04EC0-301F-11D3-BF4B-00C04F79EFBC}") = "Laboratorio_1", "Laboratorio_1.csproj", "{805098CC-D731-4EF1-98DD-6D525C306C09}"
EndProject
Project("{2150E333-8FDC-42A3-9474-1A3956D46DE8}") = "Solution Items", "Solution Items", "{E95E5FD8-5D41-469B-9B71-8B56FFB289FB}"
	ProjectSection(SolutionItems) = preProject
		.editorconfig = .editorconfig
	EndProjectSection
EndProject
Global
	GlobalSection(SolutionConfigurationPlatforms) = preSolution
		Debug|Any CPU = Debug|Any CPU
		Release|Any CPU = Release|Any CPU
	EndGlobalSection
	GlobalSection(ProjectConfigurationPlatforms) = postSolution
		{805098CC-D731-4EF1-98DD-6D525C306C09}.Debug|Any CPU.ActiveCfg = Debug|Any CPU
		{805098CC-D731-4EF1-98DD-6D525C306C09}.Debug|Any CPU.Build.0 = Debug|Any CPU
		{805098CC-D731-4EF1-98DD-6D525C306C09}.Release|Any CPU.ActiveCfg = Release|Any CPU
		{805098CC-D731-4EF1-98DD-6D525C306C09}.Release|Any CPU.Build.0 = Release|Any CPU
	EndGlobalSection
	GlobalSection(SolutionProperties) = preSolution
		HideSolutionNode = FALSE
	EndGlobalSection
	GlobalSection(ExtensibilityGlobals) = postSolution
		SolutionGuid = {D2F09A84-5336-4873-B5E4-B835BE19B6D6}
	EndGlobalSection
EndGlobal
